<?xml version="1.0" encoding="utf-8"?>
<Project ToolsVersion="4.0" xmlns="http://schemas.microsoft.com/developer/msbuild/2003">
  <ItemGroup>
    <Filter Include="Исходные файлы">
      <UniqueIdentifier>{4FC737F1-C7A5-4376-A066-2A32D752A2FF}</UniqueIdentifier>
      <Extensions>cpp;c;cc;cxx;c++;cppm;ixx;def;odl;idl;hpj;bat;asm;asmx</Extensions>
    </Filter>
    <Filter Include="Файлы заголовков">
      <UniqueIdentifier>{93995380-89BD-4b04-88EB-625FBE52EBFB}</UniqueIdentifier>
      <Extensions>h;hh;hpp;hxx;h++;hm;inl;inc;ipp;xsd</Extensions>
    </Filter>
    <Filter Include="Файлы ресурсов">
      <UniqueIdentifier>{67DA6AB6-F800-4c08-8B7A-83BB121AAD01}</UniqueIdentifier>
      <Extensions>rc;ico;cur;bmp;dlg;rc2;rct;bin;rgs;gif;jpg;jpeg;jpe;resx;tiff;tif;png;wav;mfcribbon-ms</Extensions>
    </Filter>
    <Filter Include="Файлы заголовков\Screen">
      <UniqueIdentifier>{2d11b0d4-dbac-4c5b-a5a4-1e5bd5a61692}</UniqueIdentifier>
    </Filter>
    <Filter Include="Исходные файлы\Screen">
      <UniqueIdentifier>{4ea0bbab-fe57-491e-8413-05f00035c4e2}</UniqueIdentifier>
    </Filter>
    <Filter Include="Файлы заголовков\Engine">
      <UniqueIdentifier>{e981cbfb-0b0e-4e87-8d2e-d5a4d41b1cee}</UniqueIdentifier>
    </Filter>
  </ItemGroup>
  <ItemGroup>
    <ClInclude Include="about_screen.h">
      <Filter>Файлы заголовков</Filter>
    </ClInclude>
    <ClInclude Include="screen_manager.h">
      <Filter>Файлы заголовков</Filter>
    </ClInclude>
    <ClInclude Include="imgui\imconfig.h">
      <Filter>Файлы заголовков</Filter>
    </ClInclude>
    <ClInclude Include="imgui\imconfig-SFML.h">
      <Filter>Файлы заголовков</Filter>
    </ClInclude>
    <ClInclude Include="imgui\imgui.h">
      <Filter>Файлы заголовков</Filter>
    </ClInclude>
    <ClInclude Include="imgui\imgui_internal.h">
      <Filter>Файлы заголовков</Filter>
    </ClInclude>
    <ClInclude Include="imgui\imgui-SFML.h">
      <Filter>Файлы заголовков</Filter>
    </ClInclude>
    <ClInclude Include="imgui\imgui-SFML_export.h">
      <Filter>Файлы заголовков</Filter>
    </ClInclude>
    <ClInclude Include="imgui\imstb_rectpack.h">
      <Filter>Файлы заголовков</Filter>
    </ClInclude>
    <ClInclude Include="imgui\imstb_textedit.h">
      <Filter>Файлы заголовков</Filter>
    </ClInclude>
    <ClInclude Include="imgui\imstb_truetype.h">
      <Filter>Файлы заголовков</Filter>
    </ClInclude>
    <ClInclude Include="audio_player.h">
      <Filter>Файлы заголовков</Filter>
    </ClInclude>
    <ClInclude Include="axe.h">
      <Filter>Файлы заголовков</Filter>
    </ClInclude>
    <ClInclude Include="bee.h">
      <Filter>Файлы заголовков</Filter>
    </ClInclude>
    <ClInclude Include="branch.h">
      <Filter>Файлы заголовков</Filter>
    </ClInclude>
    <ClInclude Include="cloud.h">
      <Filter>Файлы заголовков</Filter>
    </ClInclude>
    <ClInclude Include="game_screen.h">
      <Filter>Файлы заголовков</Filter>
    </ClInclude>
    <ClInclude Include="game_stats.h">
      <Filter>Файлы заголовков</Filter>
    </ClInclude>
    <ClInclude Include="gravestone.h">
      <Filter>Файлы заголовков</Filter>
    </ClInclude>
    <ClInclude Include="gui.h">
      <Filter>Файлы заголовков</Filter>
    </ClInclude>
    <ClInclude Include="level.h">
      <Filter>Файлы заголовков</Filter>
    </ClInclude>
    <ClInclude Include="level_manager.h">
      <Filter>Файлы заголовков</Filter>
    </ClInclude>
    <ClInclude Include="Lumberman.h">
      <Filter>Файлы заголовков</Filter>
    </ClInclude>
    <ClInclude Include="pause_screen.h">
      <Filter>Файлы заголовков</Filter>
    </ClInclude>
    <ClInclude Include="player.h">
      <Filter>Файлы заголовков</Filter>
    </ClInclude>
    <ClInclude Include="tree.h">
      <Filter>Файлы заголовков</Filter>
    </ClInclude>
    <ClInclude Include="wood_log.h">
      <Filter>Файлы заголовков</Filter>
    </ClInclude>
    <ClInclude Include="menu_screen.h">
      <Filter>Файлы заголовков\Screen</Filter>
    </ClInclude>
    <ClInclude Include="game_data.h">
      <Filter>Файлы заголовков\Engine</Filter>
    </ClInclude>
    <ClInclude Include="record_screen.h">
      <Filter>Файлы заголовков\Screen</Filter>
    </ClInclude>
    <ClInclude Include="game.h">
      <Filter>Файлы заголовков\Engine</Filter>
    </ClInclude>
  </ItemGroup>
  <ItemGroup>
    <ClCompile Include="about_screen.cpp">
      <Filter>Исходные файлы</Filter>
    </ClCompile>
    <ClCompile Include="game.cpp">
      <Filter>Исходные файлы</Filter>
    </ClCompile>
    <ClCompile Include="screen_manager.cpp">
      <Filter>Исходные файлы</Filter>
    </ClCompile>
    <ClCompile Include="imgui\imgui.cpp">
      <Filter>Исходные файлы</Filter>
    </ClCompile>
    <ClCompile Include="imgui\imgui_draw.cpp">
      <Filter>Исходные файлы</Filter>
    </ClCompile>
    <ClCompile Include="imgui\imgui_tables.cpp">
      <Filter>Исходные файлы</Filter>
    </ClCompile>
    <ClCompile Include="imgui\imgui_widgets.cpp">
      <Filter>Исходные файлы</Filter>
    </ClCompile>
    <ClCompile Include="imgui\imgui-SFML.cpp">
      <Filter>Исходные файлы</Filter>
    </ClCompile>
    <ClCompile Include="audio_player.cpp">
      <Filter>Исходные файлы</Filter>
    </ClCompile>
    <ClCompile Include="axe.cpp">
      <Filter>Исходные файлы</Filter>
    </ClCompile>
    <ClCompile Include="bee.cpp">
      <Filter>Исходные файлы</Filter>
    </ClCompile>
    <ClCompile Include="branch.cpp">
      <Filter>Исходные файлы</Filter>
    </ClCompile>
    <ClCompile Include="cloud.cpp">
      <Filter>Исходные файлы</Filter>
    </ClCompile>
    <ClCompile Include="game_screen.cpp">
      <Filter>Исходные файлы</Filter>
    </ClCompile>
    <ClCompile Include="game_stats.cpp">
      <Filter>Исходные файлы</Filter>
    </ClCompile>
    <ClCompile Include="gravestone.cpp">
      <Filter>Исходные файлы</Filter>
    </ClCompile>
    <ClCompile Include="gui.cpp">
      <Filter>Исходные файлы</Filter>
    </ClCompile>
    <ClCompile Include="init.cpp">
      <Filter>Исходные файлы</Filter>
    </ClCompile>
    <ClCompile Include="level.cpp">
      <Filter>Исходные файлы</Filter>
    </ClCompile>
    <ClCompile Include="level_manager.cpp">
      <Filter>Исходные файлы</Filter>
    </ClCompile>
    <ClCompile Include="Lumberman.cpp">
      <Filter>Исходные файлы</Filter>
    </ClCompile>
    <ClCompile Include="pause_screen.cpp">
      <Filter>Исходные файлы</Filter>
    </ClCompile>
    <ClCompile Include="player.cpp">
      <Filter>Исходные файлы</Filter>
    </ClCompile>
    <ClCompile Include="tree.cpp">
      <Filter>Исходные файлы</Filter>
    </ClCompile>
    <ClCompile Include="wood_log.cpp">
      <Filter>Исходные файлы</Filter>
    </ClCompile>
    <ClCompile Include="menu_screen.cpp">
      <Filter>Исходные файлы\Screen</Filter>
    </ClCompile>
    <ClCompile Include="record_screen.cpp">
      <Filter>Исходные файлы\Screen</Filter>
    </ClCompile>
  </ItemGroup>
  <ItemGroup>
    <None Include="data\texture_list.ini">
      <Filter>Файлы ресурсов</Filter>
    </None>
    <None Include="data\font_list.ini">
      <Filter>Файлы ресурсов</Filter>
    </None>
    <None Include="config\engine_config.ini">
      <Filter>Файлы ресурсов</Filter>
    </None>
  </ItemGroup>
  <ItemGroup>
    <Text Include="data\records.txt" />
  </ItemGroup>
</Project>