<?xml version="1.0" encoding="utf-8"?>
<Project ToolsVersion="4.0" xmlns="http://schemas.microsoft.com/developer/msbuild/2003">
  <ItemGroup>
    <Filter Include="Исходные файлы">
      <UniqueIdentifier>{4FC737F1-C7A5-4376-A066-2A32D752A2FF}</UniqueIdentifier>
      <Extensions>cpp;c;cc;cxx;c++;cppm;ixx;def;odl;idl;hpj;bat;asm;asmx</Extensions>
    </Filter>
    <Filter Include="Файлы заголовков">
      <UniqueIdentifier>{93995380-89BD-4b04-88EB-625FBE52EBFB}</UniqueIdentifier>
      <Extensions>h;hh;hpp;hxx;h++;hm;inl;inc;ipp;xsd</Extensions>
    </Filter>
    <Filter Include="Файлы ресурсов">
      <UniqueIdentifier>{67DA6AB6-F800-4c08-8B7A-83BB121AAD01}</UniqueIdentifier>
      <Extensions>rc;ico;cur;bmp;dlg;rc2;rct;bin;rgs;gif;jpg;jpeg;jpe;resx;tiff;tif;png;wav;mfcribbon-ms</Extensions>
    </Filter>
    <Filter Include="Файлы заголовков\Engine">
      <UniqueIdentifier>{db96ea58-4d03-42d8-834f-5a8cfb16ea69}</UniqueIdentifier>
    </Filter>
    <Filter Include="Исходные файлы\Engine">
      <UniqueIdentifier>{25ce2ae1-45cc-479b-91a2-b6a1375bd39c}</UniqueIdentifier>
    </Filter>
    <Filter Include="Файлы заголовков\Screen">
      <UniqueIdentifier>{f746f179-42be-463b-8d68-466cfd5569fe}</UniqueIdentifier>
    </Filter>
    <Filter Include="Исходные файлы\Screen">
      <UniqueIdentifier>{a70e546c-b1aa-4184-9f8e-0f32ece01e6d}</UniqueIdentifier>
    </Filter>
  </ItemGroup>
  <ItemGroup>
    <ClCompile Include="AppTemplate.cpp">
      <Filter>Исходные файлы</Filter>
    </ClCompile>
    <ClCompile Include="game.cpp">
      <Filter>Исходные файлы\Engine</Filter>
    </ClCompile>
    <ClCompile Include="menu_screen.cpp">
      <Filter>Исходные файлы\Screen</Filter>
    </ClCompile>
    <ClCompile Include="about_screen.cpp">
      <Filter>Исходные файлы\Screen</Filter>
    </ClCompile>
    <ClCompile Include="screen_manager.cpp">
      <Filter>Исходные файлы\Screen</Filter>
    </ClCompile>
  </ItemGroup>
  <ItemGroup>
    <ClInclude Include="game.h">
      <Filter>Файлы заголовков\Engine</Filter>
    </ClInclude>
    <ClInclude Include="screen_manager.h">
      <Filter>Файлы заголовков\Engine</Filter>
    </ClInclude>
    <ClInclude Include="game_data.h">
      <Filter>Файлы заголовков\Engine</Filter>
    </ClInclude>
    <ClInclude Include="menu_screen.h">
      <Filter>Файлы заголовков\Screen</Filter>
    </ClInclude>
    <ClInclude Include="about_screen.h">
      <Filter>Файлы заголовков\Screen</Filter>
    </ClInclude>
  </ItemGroup>
  <ItemGroup>
    <None Include="config\engine_config.ini">
      <Filter>Файлы ресурсов</Filter>
    </None>
  </ItemGroup>
</Project>